
Microsoft Visual Studio Solution File, Format Version 12.00
# Visual Studio Version 17
VisualStudioVersion = 17.3.32825.248
MinimumVisualStudioVersion = 10.0.40219.1
Project("{FAE04EC0-301F-11D3-BF4B-00C04F79EFBC}") = "Client", "Client\Client.csproj", "{4C40ADFD-DBF9-4121-AE42-524168921917}"
EndProject
Global
	GlobalSection(SolutionConfigurationPlatforms) = preSolution
		Debug|Any CPU = Debug|Any CPU
		Release|Any CPU = Release|Any CPU
	EndGlobalSection
	GlobalSection(ProjectConfigurationPlatforms) = postSolution
		{4C40ADFD-DBF9-4121-AE42-524168921917}.Debug|Any CPU.ActiveCfg = Debug|Any CPU
		{4C40ADFD-DBF9-4121-AE42-524168921917}.Debug|Any CPU.Build.0 = Debug|Any CPU
		{4C40ADFD-DBF9-4121-AE42-524168921917}.Release|Any CPU.ActiveCfg = Release|Any CPU
		{4C40ADFD-DBF9-4121-AE42-524168921917}.Release|Any CPU.Build.0 = Release|Any CPU
	EndGlobalSection
	GlobalSection(SolutionProperties) = preSolution
		HideSolutionNode = FALSE
	EndGlobalSection
	GlobalSection(ExtensibilityGlobals) = postSolution
		SolutionGuid = {D619B027-B41B-4A99-B0C5-B32244191EDA}
	EndGlobalSection
EndGlobal
