
Microsoft Visual Studio Solution File, Format Version 12.00
# Visual Studio Version 17
VisualStudioVersion = 17.4.33110.190
MinimumVisualStudioVersion = 10.0.40219.1
Project("{FAE04EC0-301F-11D3-BF4B-00C04F79EFBC}") = "UI", "UI\UI.csproj", "{850BD829-FFCF-4475-A34E-BD42A8B16378}"
EndProject
Global
	GlobalSection(SolutionConfigurationPlatforms) = preSolution
		Debug|Any CPU = Debug|Any CPU
		Release|Any CPU = Release|Any CPU
	EndGlobalSection
	GlobalSection(ProjectConfigurationPlatforms) = postSolution
		{850BD829-FFCF-4475-A34E-BD42A8B16378}.Debug|Any CPU.ActiveCfg = Debug|Any CPU
		{850BD829-FFCF-4475-A34E-BD42A8B16378}.Debug|Any CPU.Build.0 = Debug|Any CPU
		{850BD829-FFCF-4475-A34E-BD42A8B16378}.Release|Any CPU.ActiveCfg = Release|Any CPU
		{850BD829-FFCF-4475-A34E-BD42A8B16378}.Release|Any CPU.Build.0 = Release|Any CPU
	EndGlobalSection
	GlobalSection(SolutionProperties) = preSolution
		HideSolutionNode = FALSE
	EndGlobalSection
	GlobalSection(ExtensibilityGlobals) = postSolution
		SolutionGuid = {47C4736A-77F6-4D52-A060-419F5C6EB541}
	EndGlobalSection
EndGlobal
